// !$*UTF8*$!
{
	archiveVersion = 1;
	classes = {
	};
	objectVersion = 56;
	objects = {

/* Begin PBXBuildFile section */
		D35BD8A22BB164AC00CE2736 /* PetInformationAppApp.swift in Sources */ = {isa = PBXBuildFile; fileRef = D35BD8A12BB164AC00CE2736 /* PetInformationAppApp.swift */; };
		D35BD8A42BB164AC00CE2736 /* ContentView.swift in Sources */ = {isa = PBXBuildFile; fileRef = D35BD8A32BB164AC00CE2736 /* ContentView.swift */; };
		D35BD8A62BB164AD00CE2736 /* Assets.xcassets in Resources */ = {isa = PBXBuildFile; fileRef = D35BD8A52BB164AD00CE2736 /* Assets.xcassets */; };
		D35BD8A92BB164AD00CE2736 /* Preview Assets.xcassets in Resources */ = {isa = PBXBuildFile; fileRef = D35BD8A82BB164AD00CE2736 /* Preview Assets.xcassets */; };
		D35BD8B32BB164AD00CE2736 /* PetInformationAppTests.swift in Sources */ = {isa = PBXBuildFile; fileRef = D35BD8B22BB164AD00CE2736 /* PetInformationAppTests.swift */; };
		D35BD8BD2BB164AD00CE2736 /* PetInformationAppUITests.swift in Sources */ = {isa = PBXBuildFile; fileRef = D35BD8BC2BB164AD00CE2736 /* PetInformationAppUITests.swift */; };
		D35BD8BF2BB164AD00CE2736 /* PetInformationAppUITestsLaunchTests.swift in Sources */ = {isa = PBXBuildFile; fileRef = D35BD8BE2BB164AD00CE2736 /* PetInformationAppUITestsLaunchTests.swift */; };
		D35BD8CE2BB182C400CE2736 /* ProfileView.swift in Sources */ = {isa = PBXBuildFile; fileRef = D35BD8CD2BB182C400CE2736 /* ProfileView.swift */; };
		D35BD8D02BB1834A00CE2736 /* LikesView.swift in Sources */ = {isa = PBXBuildFile; fileRef = D35BD8CF2BB1834A00CE2736 /* LikesView.swift */; };
		D35BD8D22BB183B800CE2736 /* SkillView.swift in Sources */ = {isa = PBXBuildFile; fileRef = D35BD8D12BB183B800CE2736 /* SkillView.swift */; };
		D35BD8D62BB1843B00CE2736 /* PhotoView.swift in Sources */ = {isa = PBXBuildFile; fileRef = D35BD8D52BB1843B00CE2736 /* PhotoView.swift */; };
/* End PBXBuildFile section */

/* Begin PBXContainerItemProxy section */
		D35BD8AF2BB164AD00CE2736 /* PBXContainerItemProxy */ = {
			isa = PBXContainerItemProxy;
			containerPortal = D35BD8962BB164AC00CE2736 /* Project object */;
			proxyType = 1;
			remoteGlobalIDString = D35BD89D2BB164AC00CE2736;
			remoteInfo = PetInformationApp;
		};
		D35BD8B92BB164AD00CE2736 /* PBXContainerItemProxy */ = {
			isa = PBXContainerItemProxy;
			containerPortal = D35BD8962BB164AC00CE2736 /* Project object */;
			proxyType = 1;
			remoteGlobalIDString = D35BD89D2BB164AC00CE2736;
			remoteInfo = PetInformationApp;
		};
/* End PBXContainerItemProxy section */

/* Begin PBXFileReference section */
		D35BD89E2BB164AC00CE2736 /* PetInformationApp.app */ = {isa = PBXFileReference; explicitFileType = wrapper.application; includeInIndex = 0; path = PetInformationApp.app; sourceTree = BUILT_PRODUCTS_DIR; };
		D35BD8A12BB164AC00CE2736 /* PetInformationAppApp.swift */ = {isa = PBXFileReference; lastKnownFileType = sourcecode.swift; path = PetInformationAppApp.swift; sourceTree = "<group>"; };
		D35BD8A32BB164AC00CE2736 /* ContentView.swift */ = {isa = PBXFileReference; lastKnownFileType = sourcecode.swift; path = ContentView.swift; sourceTree = "<group>"; };
		D35BD8A52BB164AD00CE2736 /* Assets.xcassets */ = {isa = PBXFileReference; lastKnownFileType = folder.assetcatalog; path = Assets.xcassets; sourceTree = "<group>"; };
		D35BD8A82BB164AD00CE2736 /* Preview Assets.xcassets */ = {isa = PBXFileReference; lastKnownFileType = folder.assetcatalog; path = "Preview Assets.xcassets"; sourceTree = "<group>"; };
		D35BD8AE2BB164AD00CE2736 /* PetInformationAppTests.xctest */ = {isa = PBXFileReference; explicitFileType = wrapper.cfbundle; includeInIndex = 0; path = PetInformationAppTests.xctest; sourceTree = BUILT_PRODUCTS_DIR; };
		D35BD8B22BB164AD00CE2736 /* PetInformationAppTests.swift */ = {isa = PBXFileReference; lastKnownFileType = sourcecode.swift; path = PetInformationAppTests.swift; sourceTree = "<group>"; };
		D35BD8B82BB164AD00CE2736 /* PetInformationAppUITests.xctest */ = {isa = PBXFileReference; explicitFileType = wrapper.cfbundle; includeInIndex = 0; path = PetInformationAppUITests.xctest; sourceTree = BUILT_PRODUCTS_DIR; };
		D35BD8BC2BB164AD00CE2736 /* PetInformationAppUITests.swift */ = {isa = PBXFileReference; lastKnownFileType = sourcecode.swift; path = PetInformationAppUITests.swift; sourceTree = "<group>"; };
		D35BD8BE2BB164AD00CE2736 /* PetInformationAppUITestsLaunchTests.swift */ = {isa = PBXFileReference; lastKnownFileType = sourcecode.swift; path = PetInformationAppUITestsLaunchTests.swift; sourceTree = "<group>"; };
		D35BD8CD2BB182C400CE2736 /* ProfileView.swift */ = {isa = PBXFileReference; lastKnownFileType = sourcecode.swift; path = ProfileView.swift; sourceTree = "<group>"; };
		D35BD8CF2BB1834A00CE2736 /* LikesView.swift */ = {isa = PBXFileReference; lastKnownFileType = sourcecode.swift; path = LikesView.swift; sourceTree = "<group>"; };
		D35BD8D12BB183B800CE2736 /* SkillView.swift */ = {isa = PBXFileReference; lastKnownFileType = sourcecode.swift; path = SkillView.swift; sourceTree = "<group>"; };
		D35BD8D52BB1843B00CE2736 /* PhotoView.swift */ = {isa = PBXFileReference; lastKnownFileType = sourcecode.swift; path = PhotoView.swift; sourceTree = "<group>"; };
/* End PBXFileReference section */

/* Begin PBXFrameworksBuildPhase section */
		D35BD89B2BB164AC00CE2736 /* Frameworks */ = {
			isa = PBXFrameworksBuildPhase;
			buildActionMask = 2147483647;
			files = (
			);
			runOnlyForDeploymentPostprocessing = 0;
		};
		D35BD8AB2BB164AD00CE2736 /* Frameworks */ = {
			isa = PBXFrameworksBuildPhase;
			buildActionMask = 2147483647;
			files = (
			);
			runOnlyForDeploymentPostprocessing = 0;
		};
		D35BD8B52BB164AD00CE2736 /* Frameworks */ = {
			isa = PBXFrameworksBuildPhase;
			buildActionMask = 2147483647;
			files = (
			);
			runOnlyForDeploymentPostprocessing = 0;
		};
/* End PBXFrameworksBuildPhase section */

/* Begin PBXGroup section */
		D35BD8952BB164AC00CE2736 = {
			isa = PBXGroup;
			children = (
				D35BD8A02BB164AC00CE2736 /* PetInformationApp */,
				D35BD8B12BB164AD00CE2736 /* PetInformationAppTests */,
				D35BD8BB2BB164AD00CE2736 /* PetInformationAppUITests */,
				D35BD89F2BB164AC00CE2736 /* Products */,
			);
			sourceTree = "<group>";
		};
		D35BD89F2BB164AC00CE2736 /* Products */ = {
			isa = PBXGroup;
			children = (
				D35BD89E2BB164AC00CE2736 /* PetInformationApp.app */,
				D35BD8AE2BB164AD00CE2736 /* PetInformationAppTests.xctest */,
				D35BD8B82BB164AD00CE2736 /* PetInformationAppUITests.xctest */,
			);
			name = Products;
			sourceTree = "<group>";
		};
		D35BD8A02BB164AC00CE2736 /* PetInformationApp */ = {
			isa = PBXGroup;
			children = (
				D35BD8CF2BB1834A00CE2736 /* LikesView.swift */,
				D35BD8A12BB164AC00CE2736 /* PetInformationAppApp.swift */,
				D35BD8A32BB164AC00CE2736 /* ContentView.swift */,
				D35BD8D52BB1843B00CE2736 /* PhotoView.swift */,
				D35BD8D12BB183B800CE2736 /* SkillView.swift */,
				D35BD8CD2BB182C400CE2736 /* ProfileView.swift */,
				D35BD8A52BB164AD00CE2736 /* Assets.xcassets */,
				D35BD8A72BB164AD00CE2736 /* Preview Content */,
			);
			path = PetInformationApp;
			sourceTree = "<group>";
		};
		D35BD8A72BB164AD00CE2736 /* Preview Content */ = {
			isa = PBXGroup;
			children = (
				D35BD8A82BB164AD00CE2736 /* Preview Assets.xcassets */,
			);
			path = "Preview Content";
			sourceTree = "<group>";
		};
		D35BD8B12BB164AD00CE2736 /* PetInformationAppTests */ = {
			isa = PBXGroup;
			children = (
				D35BD8B22BB164AD00CE2736 /* PetInformationAppTests.swift */,
			);
			path = PetInformationAppTests;
			sourceTree = "<group>";
		};
		D35BD8BB2BB164AD00CE2736 /* PetInformationAppUITests */ = {
			isa = PBXGroup;
			children = (
				D35BD8BC2BB164AD00CE2736 /* PetInformationAppUITests.swift */,
				D35BD8BE2BB164AD00CE2736 /* PetInformationAppUITestsLaunchTests.swift */,
			);
			path = PetInformationAppUITests;
			sourceTree = "<group>";
		};
/* End PBXGroup section */

/* Begin PBXNativeTarget section */
		D35BD89D2BB164AC00CE2736 /* PetInformationApp */ = {
			isa = PBXNativeTarget;
			buildConfigurationList = D35BD8C22BB164AD00CE2736 /* Build configuration list for PBXNativeTarget "PetInformationApp" */;
			buildPhases = (
				D35BD89A2BB164AC00CE2736 /* Sources */,
				D35BD89B2BB164AC00CE2736 /* Frameworks */,
				D35BD89C2BB164AC00CE2736 /* Resources */,
			);
			buildRules = (
			);
			dependencies = (
			);
			name = PetInformationApp;
			productName = PetInformationApp;
			productReference = D35BD89E2BB164AC00CE2736 /* PetInformationApp.app */;
			productType = "com.apple.product-type.application";
		};
		D35BD8AD2BB164AD00CE2736 /* PetInformationAppTests */ = {
			isa = PBXNativeTarget;
			buildConfigurationList = D35BD8C52BB164AD00CE2736 /* Build configuration list for PBXNativeTarget "PetInformationAppTests" */;
			buildPhases = (
				D35BD8AA2BB164AD00CE2736 /* Sources */,
				D35BD8AB2BB164AD00CE2736 /* Frameworks */,
				D35BD8AC2BB164AD00CE2736 /* Resources */,
			);
			buildRules = (
			);
			dependencies = (
				D35BD8B02BB164AD00CE2736 /* PBXTargetDependency */,
			);
			name = PetInformationAppTests;
			productName = PetInformationAppTests;
			productReference = D35BD8AE2BB164AD00CE2736 /* PetInformationAppTests.xctest */;
			productType = "com.apple.product-type.bundle.unit-test";
		};
		D35BD8B72BB164AD00CE2736 /* PetInformationAppUITests */ = {
			isa = PBXNativeTarget;
			buildConfigurationList = D35BD8C82BB164AD00CE2736 /* Build configuration list for PBXNativeTarget "PetInformationAppUITests" */;
			buildPhases = (
				D35BD8B42BB164AD00CE2736 /* Sources */,
				D35BD8B52BB164AD00CE2736 /* Frameworks */,
				D35BD8B62BB164AD00CE2736 /* Resources */,
			);
			buildRules = (
			);
			dependencies = (
				D35BD8BA2BB164AD00CE2736 /* PBXTargetDependency */,
			);
			name = PetInformationAppUITests;
			productName = PetInformationAppUITests;
			productReference = D35BD8B82BB164AD00CE2736 /* PetInformationAppUITests.xctest */;
			productType = "com.apple.product-type.bundle.ui-testing";
		};
/* End PBXNativeTarget section */

/* Begin PBXProject section */
		D35BD8962BB164AC00CE2736 /* Project object */ = {
			isa = PBXProject;
			attributes = {
				BuildIndependentTargetsInParallel = 1;
				LastSwiftUpdateCheck = 1530;
				LastUpgradeCheck = 1530;
				TargetAttributes = {
					D35BD89D2BB164AC00CE2736 = {
						CreatedOnToolsVersion = 15.3;
					};
					D35BD8AD2BB164AD00CE2736 = {
						CreatedOnToolsVersion = 15.3;
						TestTargetID = D35BD89D2BB164AC00CE2736;
					};
					D35BD8B72BB164AD00CE2736 = {
						CreatedOnToolsVersion = 15.3;
						TestTargetID = D35BD89D2BB164AC00CE2736;
					};
				};
			};
			buildConfigurationList = D35BD8992BB164AC00CE2736 /* Build configuration list for PBXProject "PetInformationApp" */;
			compatibilityVersion = "Xcode 14.0";
			developmentRegion = en;
			hasScannedForEncodings = 0;
			knownRegions = (
				en,
				Base,
			);
			mainGroup = D35BD8952BB164AC00CE2736;
			productRefGroup = D35BD89F2BB164AC00CE2736 /* Products */;
			projectDirPath = "";
			projectRoot = "";
			targets = (
				D35BD89D2BB164AC00CE2736 /* PetInformationApp */,
				D35BD8AD2BB164AD00CE2736 /* PetInformationAppTests */,
				D35BD8B72BB164AD00CE2736 /* PetInformationAppUITests */,
			);
		};
/* End PBXProject section */

/* Begin PBXResourcesBuildPhase section */
		D35BD89C2BB164AC00CE2736 /* Resources */ = {
			isa = PBXResourcesBuildPhase;
			buildActionMask = 2147483647;
			files = (
				D35BD8A92BB164AD00CE2736 /* Preview Assets.xcassets in Resources */,
				D35BD8A62BB164AD00CE2736 /* Assets.xcassets in Resources */,
			);
			runOnlyForDeploymentPostprocessing = 0;
		};
		D35BD8AC2BB164AD00CE2736 /* Resources */ = {
			isa = PBXResourcesBuildPhase;
			buildActionMask = 2147483647;
			files = (
			);
			runOnlyForDeploymentPostprocessing = 0;
		};
		D35BD8B62BB164AD00CE2736 /* Resources */ = {
			isa = PBXResourcesBuildPhase;
			buildActionMask = 2147483647;
			files = (
			);
			runOnlyForDeploymentPostprocessing = 0;
		};
/* End PBXResourcesBuildPhase section */

/* Begin PBXSourcesBuildPhase section */
		D35BD89A2BB164AC00CE2736 /* Sources */ = {
			isa = PBXSourcesBuildPhase;
			buildActionMask = 2147483647;
			files = (
				D35BD8A42BB164AC00CE2736 /* ContentView.swift in Sources */,
				D35BD8D22BB183B800CE2736 /* SkillView.swift in Sources */,
				D35BD8D02BB1834A00CE2736 /* LikesView.swift in Sources */,
				D35BD8D62BB1843B00CE2736 /* PhotoView.swift in Sources */,
				D35BD8CE2BB182C400CE2736 /* ProfileView.swift in Sources */,
				D35BD8A22BB164AC00CE2736 /* PetInformationAppApp.swift in Sources */,
			);
			runOnlyForDeploymentPostprocessing = 0;
		};
		D35BD8AA2BB164AD00CE2736 /* Sources */ = {
			isa = PBXSourcesBuildPhase;
			buildActionMask = 2147483647;
			files = (
				D35BD8B32BB164AD00CE2736 /* PetInformationAppTests.swift in Sources */,
			);
			runOnlyForDeploymentPostprocessing = 0;
		};
		D35BD8B42BB164AD00CE2736 /* Sources */ = {
			isa = PBXSourcesBuildPhase;
			buildActionMask = 2147483647;
			files = (
				D35BD8BD2BB164AD00CE2736 /* PetInformationAppUITests.swift in Sources */,
				D35BD8BF2BB164AD00CE2736 /* PetInformationAppUITestsLaunchTests.swift in Sources */,
			);
			runOnlyForDeploymentPostprocessing = 0;
		};
/* End PBXSourcesBuildPhase section */

/* Begin PBXTargetDependency section */
		D35BD8B02BB164AD00CE2736 /* PBXTargetDependency */ = {
			isa = PBXTargetDependency;
			target = D35BD89D2BB164AC00CE2736 /* PetInformationApp */;
			targetProxy = D35BD8AF2BB164AD00CE2736 /* PBXContainerItemProxy */;
		};
		D35BD8BA2BB164AD00CE2736 /* PBXTargetDependency */ = {
			isa = PBXTargetDependency;
			target = D35BD89D2BB164AC00CE2736 /* PetInformationApp */;
			targetProxy = D35BD8B92BB164AD00CE2736 /* PBXContainerItemProxy */;
		};
/* End PBXTargetDependency section */

/* Begin XCBuildConfiguration section */
		D35BD8C02BB164AD00CE2736 /* Debug */ = {
			isa = XCBuildConfiguration;
			buildSettings = {
				ALWAYS_SEARCH_USER_PATHS = NO;
				ASSETCATALOG_COMPILER_GENERATE_SWIFT_ASSET_SYMBOL_EXTENSIONS = YES;
				CLANG_ANALYZER_NONNULL = YES;
				CLANG_ANALYZER_NUMBER_OBJECT_CONVERSION = YES_AGGRESSIVE;
				CLANG_CXX_LANGUAGE_STANDARD = "gnu++20";
				CLANG_ENABLE_MODULES = YES;
				CLANG_ENABLE_OBJC_ARC = YES;
				CLANG_ENABLE_OBJC_WEAK = YES;
				CLANG_WARN_BLOCK_CAPTURE_AUTORELEASING = YES;
				CLANG_WARN_BOOL_CONVERSION = YES;
				CLANG_WARN_COMMA = YES;
				CLANG_WARN_CONSTANT_CONVERSION = YES;
				CLANG_WARN_DEPRECATED_OBJC_IMPLEMENTATIONS = YES;
				CLANG_WARN_DIRECT_OBJC_ISA_USAGE = YES_ERROR;
				CLANG_WARN_DOCUMENTATION_COMMENTS = YES;
				CLANG_WARN_EMPTY_BODY = YES;
				CLANG_WARN_ENUM_CONVERSION = YES;
				CLANG_WARN_INFINITE_RECURSION = YES;
				CLANG_WARN_INT_CONVERSION = YES;
				CLANG_WARN_NON_LITERAL_NULL_CONVERSION = YES;
				CLANG_WARN_OBJC_IMPLICIT_RETAIN_SELF = YES;
				CLANG_WARN_OBJC_LITERAL_CONVERSION = YES;
				CLANG_WARN_OBJC_ROOT_CLASS = YES_ERROR;
				CLANG_WARN_QUOTED_INCLUDE_IN_FRAMEWORK_HEADER = YES;
				CLANG_WARN_RANGE_LOOP_ANALYSIS = YES;
				CLANG_WARN_STRICT_PROTOTYPES = YES;
				CLANG_WARN_SUSPICIOUS_MOVE = YES;
				CLANG_WARN_UNGUARDED_AVAILABILITY = YES_AGGRESSIVE;
				CLANG_WARN_UNREACHABLE_CODE = YES;
				CLANG_WARN__DUPLICATE_METHOD_MATCH = YES;
				COPY_PHASE_STRIP = NO;
				DEBUG_INFORMATION_FORMAT = dwarf;
				ENABLE_STRICT_OBJC_MSGSEND = YES;
				ENABLE_TESTABILITY = YES;
				ENABLE_USER_SCRIPT_SANDBOXING = YES;
				GCC_C_LANGUAGE_STANDARD = gnu17;
				GCC_DYNAMIC_NO_PIC = NO;
				GCC_NO_COMMON_BLOCKS = YES;
				GCC_OPTIMIZATION_LEVEL = 0;
				GCC_PREPROCESSOR_DEFINITIONS = (
					"DEBUG=1",
					"$(inherited)",
				);
				GCC_WARN_64_TO_32_BIT_CONVERSION = YES;
				GCC_WARN_ABOUT_RETURN_TYPE = YES_ERROR;
				GCC_WARN_UNDECLARED_SELECTOR = YES;
				GCC_WARN_UNINITIALIZED_AUTOS = YES_AGGRESSIVE;
				GCC_WARN_UNUSED_FUNCTION = YES;
				GCC_WARN_UNUSED_VARIABLE = YES;
				IPHONEOS_DEPLOYMENT_TARGET = 17.4;
				LOCALIZATION_PREFERS_STRING_CATALOGS = YES;
				MTL_ENABLE_DEBUG_INFO = INCLUDE_SOURCE;
				MTL_FAST_MATH = YES;
				ONLY_ACTIVE_ARCH = YES;
				SDKROOT = iphoneos;
				SWIFT_ACTIVE_COMPILATION_CONDITIONS = "DEBUG $(inherited)";
				SWIFT_OPTIMIZATION_LEVEL = "-Onone";
			};
			name = Debug;
		};
		D35BD8C12BB164AD00CE2736 /* Release */ = {
			isa = XCBuildConfiguration;
			buildSettings = {
				ALWAYS_SEARCH_USER_PATHS = NO;
				ASSETCATALOG_COMPILER_GENERATE_SWIFT_ASSET_SYMBOL_EXTENSIONS = YES;
				CLANG_ANALYZER_NONNULL = YES;
				CLANG_ANALYZER_NUMBER_OBJECT_CONVERSION = YES_AGGRESSIVE;
				CLANG_CXX_LANGUAGE_STANDARD = "gnu++20";
				CLANG_ENABLE_MODULES = YES;
				CLANG_ENABLE_OBJC_ARC = YES;
				CLANG_ENABLE_OBJC_WEAK = YES;
				CLANG_WARN_BLOCK_CAPTURE_AUTORELEASING = YES;
				CLANG_WARN_BOOL_CONVERSION = YES;
				CLANG_WARN_COMMA = YES;
				CLANG_WARN_CONSTANT_CONVERSION = YES;
				CLANG_WARN_DEPRECATED_OBJC_IMPLEMENTATIONS = YES;
				CLANG_WARN_DIRECT_OBJC_ISA_USAGE = YES_ERROR;
				CLANG_WARN_DOCUMENTATION_COMMENTS = YES;
				CLANG_WARN_EMPTY_BODY = YES;
				CLANG_WARN_ENUM_CONVERSION = YES;
				CLANG_WARN_INFINITE_RECURSION = YES;
				CLANG_WARN_INT_CONVERSION = YES;
				CLANG_WARN_NON_LITERAL_NULL_CONVERSION = YES;
				CLANG_WARN_OBJC_IMPLICIT_RETAIN_SELF = YES;
				CLANG_WARN_OBJC_LITERAL_CONVERSION = YES;
				CLANG_WARN_OBJC_ROOT_CLASS = YES_ERROR;
				CLANG_WARN_QUOTED_INCLUDE_IN_FRAMEWORK_HEADER = YES;
				CLANG_WARN_RANGE_LOOP_ANALYSIS = YES;
				CLANG_WARN_STRICT_PROTOTYPES = YES;
				CLANG_WARN_SUSPICIOUS_MOVE = YES;
				CLANG_WARN_UNGUARDED_AVAILABILITY = YES_AGGRESSIVE;
				CLANG_WARN_UNREACHABLE_CODE = YES;
				CLANG_WARN__DUPLICATE_METHOD_MATCH = YES;
				COPY_PHASE_STRIP = NO;
				DEBUG_INFORMATION_FORMAT = "dwarf-with-dsym";
				ENABLE_NS_ASSERTIONS = NO;
				ENABLE_STRICT_OBJC_MSGSEND = YES;
				ENABLE_USER_SCRIPT_SANDBOXING = YES;
				GCC_C_LANGUAGE_STANDARD = gnu17;
				GCC_NO_COMMON_BLOCKS = YES;
				GCC_WARN_64_TO_32_BIT_CONVERSION = YES;
				GCC_WARN_ABOUT_RETURN_TYPE = YES_ERROR;
				GCC_WARN_UNDECLARED_SELECTOR = YES;
				GCC_WARN_UNINITIALIZED_AUTOS = YES_AGGRESSIVE;
				GCC_WARN_UNUSED_FUNCTION = YES;
				GCC_WARN_UNUSED_VARIABLE = YES;
				IPHONEOS_DEPLOYMENT_TARGET = 17.4;
				LOCALIZATION_PREFERS_STRING_CATALOGS = YES;
				MTL_ENABLE_DEBUG_INFO = NO;
				MTL_FAST_MATH = YES;
				SDKROOT = iphoneos;
				SWIFT_COMPILATION_MODE = wholemodule;
				VALIDATE_PRODUCT = YES;
			};
			name = Release;
		};
		D35BD8C32BB164AD00CE2736 /* Debug */ = {
			isa = XCBuildConfiguration;
			buildSettings = {
				ASSETCATALOG_COMPILER_APPICON_NAME = AppIcon;
				ASSETCATALOG_COMPILER_GLOBAL_ACCENT_COLOR_NAME = AccentColor;
				CODE_SIGN_STYLE = Automatic;
				CURRENT_PROJECT_VERSION = 1;
				DEVELOPMENT_ASSET_PATHS = "\"PetInformationApp/Preview Content\"";
				ENABLE_PREVIEWS = YES;
				GENERATE_INFOPLIST_FILE = YES;
				INFOPLIST_KEY_UIApplicationSceneManifest_Generation = YES;
				INFOPLIST_KEY_UIApplicationSupportsIndirectInputEvents = YES;
				INFOPLIST_KEY_UILaunchScreen_Generation = YES;
				INFOPLIST_KEY_UISupportedInterfaceOrientations_iPad = "UIInterfaceOrientationPortrait UIInterfaceOrientationPortraitUpsideDown UIInterfaceOrientationLandscapeLeft UIInterfaceOrientationLandscapeRight";
				INFOPLIST_KEY_UISupportedInterfaceOrientations_iPhone = "UIInterfaceOrientationPortrait UIInterfaceOrientationLandscapeLeft UIInterfaceOrientationLandscapeRight";
				LD_RUNPATH_SEARCH_PATHS = (
					"$(inherited)",
					"@executable_path/Frameworks",
				);
				MARKETING_VERSION = 1.0;
				PRODUCT_BUNDLE_IDENTIFIER = com.vinyl.PetInformationApp;
				PRODUCT_NAME = "$(TARGET_NAME)";
				SWIFT_EMIT_LOC_STRINGS = YES;
				SWIFT_VERSION = 5.0;
				TARGETED_DEVICE_FAMILY = "1,2";
			};
			name = Debug;
		};
		D35BD8C42BB164AD00CE2736 /* Release */ = {
			isa = XCBuildConfiguration;
			buildSettings = {
				ASSETCATALOG_COMPILER_APPICON_NAME = AppIcon;
				ASSETCATALOG_COMPILER_GLOBAL_ACCENT_COLOR_NAME = AccentColor;
				CODE_SIGN_STYLE = Automatic;
				CURRENT_PROJECT_VERSION = 1;
				DEVELOPMENT_ASSET_PATHS = "\"PetInformationApp/Preview Content\"";
				ENABLE_PREVIEWS = YES;
				GENERATE_INFOPLIST_FILE = YES;
				INFOPLIST_KEY_UIApplicationSceneManifest_Generation = YES;
				INFOPLIST_KEY_UIApplicationSupportsIndirectInputEvents = YES;
				INFOPLIST_KEY_UILaunchScreen_Generation = YES;
				INFOPLIST_KEY_UISupportedInterfaceOrientations_iPad = "UIInterfaceOrientationPortrait UIInterfaceOrientationPortraitUpsideDown UIInterfaceOrientationLandscapeLeft UIInterfaceOrientationLandscapeRight";
				INFOPLIST_KEY_UISupportedInterfaceOrientations_iPhone = "UIInterfaceOrientationPortrait UIInterfaceOrientationLandscapeLeft UIInterfaceOrientationLandscapeRight";
				LD_RUNPATH_SEARCH_PATHS = (
					"$(inherited)",
					"@executable_path/Frameworks",
				);
				MARKETING_VERSION = 1.0;
				PRODUCT_BUNDLE_IDENTIFIER = com.vinyl.PetInformationApp;
				PRODUCT_NAME = "$(TARGET_NAME)";
				SWIFT_EMIT_LOC_STRINGS = YES;
				SWIFT_VERSION = 5.0;
				TARGETED_DEVICE_FAMILY = "1,2";
			};
			name = Release;
		};
		D35BD8C62BB164AD00CE2736 /* Debug */ = {
			isa = XCBuildConfiguration;
			buildSettings = {
				ALWAYS_EMBED_SWIFT_STANDARD_LIBRARIES = YES;
				BUNDLE_LOADER = "$(TEST_HOST)";
				CODE_SIGN_STYLE = Automatic;
				CURRENT_PROJECT_VERSION = 1;
				GENERATE_INFOPLIST_FILE = YES;
				IPHONEOS_DEPLOYMENT_TARGET = 17.4;
				MARKETING_VERSION = 1.0;
				PRODUCT_BUNDLE_IDENTIFIER = com.vinyl.PetInformationAppTests;
				PRODUCT_NAME = "$(TARGET_NAME)";
				SWIFT_EMIT_LOC_STRINGS = NO;
				SWIFT_VERSION = 5.0;
				TARGETED_DEVICE_FAMILY = "1,2";
				TEST_HOST = "$(BUILT_PRODUCTS_DIR)/PetInformationApp.app/$(BUNDLE_EXECUTABLE_FOLDER_PATH)/PetInformationApp";
			};
			name = Debug;
		};
		D35BD8C72BB164AD00CE2736 /* Release */ = {
			isa = XCBuildConfiguration;
			buildSettings = {
				ALWAYS_EMBED_SWIFT_STANDARD_LIBRARIES = YES;
				BUNDLE_LOADER = "$(TEST_HOST)";
				CODE_SIGN_STYLE = Automatic;
				CURRENT_PROJECT_VERSION = 1;
				GENERATE_INFOPLIST_FILE = YES;
				IPHONEOS_DEPLOYMENT_TARGET = 17.4;
				MARKETING_VERSION = 1.0;
				PRODUCT_BUNDLE_IDENTIFIER = com.vinyl.PetInformationAppTests;
				PRODUCT_NAME = "$(TARGET_NAME)";
				SWIFT_EMIT_LOC_STRINGS = NO;
				SWIFT_VERSION = 5.0;
				TARGETED_DEVICE_FAMILY = "1,2";
				TEST_HOST = "$(BUILT_PRODUCTS_DIR)/PetInformationApp.app/$(BUNDLE_EXECUTABLE_FOLDER_PATH)/PetInformationApp";
			};
			name = Release;
		};
		D35BD8C92BB164AD00CE2736 /* Debug */ = {
			isa = XCBuildConfiguration;
			buildSettings = {
				ALWAYS_EMBED_SWIFT_STANDARD_LIBRARIES = YES;
				CODE_SIGN_STYLE = Automatic;
				CURRENT_PROJECT_VERSION = 1;
				GENERATE_INFOPLIST_FILE = YES;
				MARKETING_VERSION = 1.0;
				PRODUCT_BUNDLE_IDENTIFIER = com.vinyl.PetInformationAppUITests;
				PRODUCT_NAME = "$(TARGET_NAME)";
				SWIFT_EMIT_LOC_STRINGS = NO;
				SWIFT_VERSION = 5.0;
				TARGETED_DEVICE_FAMILY = "1,2";
				TEST_TARGET_NAME = PetInformationApp;
			};
			name = Debug;
		};
		D35BD8CA2BB164AD00CE2736 /* Release */ = {
			isa = XCBuildConfiguration;
			buildSettings = {
				ALWAYS_EMBED_SWIFT_STANDARD_LIBRARIES = YES;
				CODE_SIGN_STYLE = Automatic;
				CURRENT_PROJECT_VERSION = 1;
				GENERATE_INFOPLIST_FILE = YES;
				MARKETING_VERSION = 1.0;
				PRODUCT_BUNDLE_IDENTIFIER = com.vinyl.PetInformationAppUITests;
				PRODUCT_NAME = "$(TARGET_NAME)";
				SWIFT_EMIT_LOC_STRINGS = NO;
				SWIFT_VERSION = 5.0;
				TARGETED_DEVICE_FAMILY = "1,2";
				TEST_TARGET_NAME = PetInformationApp;
			};
			name = Release;
		};
/* End XCBuildConfiguration section */

/* Begin XCConfigurationList section */
		D35BD8992BB164AC00CE2736 /* Build configuration list for PBXProject "PetInformationApp" */ = {
			isa = XCConfigurationList;
			buildConfigurations = (
				D35BD8C02BB164AD00CE2736 /* Debug */,
				D35BD8C12BB164AD00CE2736 /* Release */,
			);
			defaultConfigurationIsVisible = 0;
			defaultConfigurationName = Release;
		};
		D35BD8C22BB164AD00CE2736 /* Build configuration list for PBXNativeTarget "PetInformationApp" */ = {
			isa = XCConfigurationList;
			buildConfigurations = (
				D35BD8C32BB164AD00CE2736 /* Debug */,
				D35BD8C42BB164AD00CE2736 /* Release */,
			);
			defaultConfigurationIsVisible = 0;
			defaultConfigurationName = Release;
		};
		D35BD8C52BB164AD00CE2736 /* Build configuration list for PBXNativeTarget "PetInformationAppTests" */ = {
			isa = XCConfigurationList;
			buildConfigurations = (
				D35BD8C62BB164AD00CE2736 /* Debug */,
				D35BD8C72BB164AD00CE2736 /* Release */,
			);
			defaultConfigurationIsVisible = 0;
			defaultConfigurationName = Release;
		};
		D35BD8C82BB164AD00CE2736 /* Build configuration list for PBXNativeTarget "PetInformationAppUITests" */ = {
			isa = XCConfigurationList;
			buildConfigurations = (
				D35BD8C92BB164AD00CE2736 /* Debug */,
				D35BD8CA2BB164AD00CE2736 /* Release */,
			);
			defaultConfigurationIsVisible = 0;
			defaultConfigurationName = Release;
		};
/* End XCConfigurationList section */
	};
	rootObject = D35BD8962BB164AC00CE2736 /* Project object */;
}
